// !$*UTF8*$!
{
	archiveVersion = 1;
	classes = {
	};
	objectVersion = 50;
	objects = {

/* Begin PBXBuildFile section */
		7A6966482223E7130096F4EA /* AppDelegate.m in Sources */ = {isa = PBXBuildFile; fileRef = 7A6966472223E7130096F4EA /* AppDelegate.m */; };
		7A69664B2223E7130096F4EA /* ViewController.m in Sources */ = {isa = PBXBuildFile; fileRef = 7A69664A2223E7130096F4EA /* ViewController.m */; };
		7A69664E2223E7130096F4EA /* Main.storyboard in Resources */ = {isa = PBXBuildFile; fileRef = 7A69664C2223E7130096F4EA /* Main.storyboard */; };
		7A6966502223E7140096F4EA /* Assets.xcassets in Resources */ = {isa = PBXBuildFile; fileRef = 7A69664F2223E7140096F4EA /* Assets.xcassets */; };
		7A6966532223E7140096F4EA /* LaunchScreen.storyboard in Resources */ = {isa = PBXBuildFile; fileRef = 7A6966512223E7140096F4EA /* LaunchScreen.storyboard */; };
		7A6966562223E7140096F4EA /* main.m in Sources */ = {isa = PBXBuildFile; fileRef = 7A6966552223E7140096F4EA /* main.m */; };
		7A6966602223E7150096F4EA /* _6_Runtime_______Tests.m in Sources */ = {isa = PBXBuildFile; fileRef = 7A69665F2223E7150096F4EA /* _6_Runtime_______Tests.m */; };
		7A69666B2223E7150096F4EA /* _6_Runtime_______UITests.m in Sources */ = {isa = PBXBuildFile; fileRef = 7A69666A2223E7150096F4EA /* _6_Runtime_______UITests.m */; };
		7A69667A2223E73F0096F4EA /* LGRedViewController.m in Sources */ = {isa = PBXBuildFile; fileRef = 7A6966792223E73F0096F4EA /* LGRedViewController.m */; };
		7A69667D2223E74C0096F4EA /* LGGreenViewController.m in Sources */ = {isa = PBXBuildFile; fileRef = 7A69667C2223E74C0096F4EA /* LGGreenViewController.m */; };
/* End PBXBuildFile section */

/* Begin PBXContainerItemProxy section */
		7A69665C2223E7150096F4EA /* PBXContainerItemProxy */ = {
			isa = PBXContainerItemProxy;
			containerPortal = 7A69663B2223E7130096F4EA /* Project object */;
			proxyType = 1;
			remoteGlobalIDString = 7A6966422223E7130096F4EA;
			remoteInfo = "06-Runtime应用-页面跳转";
		};
		7A6966672223E7150096F4EA /* PBXContainerItemProxy */ = {
			isa = PBXContainerItemProxy;
			containerPortal = 7A69663B2223E7130096F4EA /* Project object */;
			proxyType = 1;
			remoteGlobalIDString = 7A6966422223E7130096F4EA;
			remoteInfo = "06-Runtime应用-页面跳转";
		};
/* End PBXContainerItemProxy section */

/* Begin PBXFileReference section */
		7A6966432223E7130096F4EA /* 06-Runtime应用-页面跳转.app */ = {isa = PBXFileReference; explicitFileType = wrapper.application; includeInIndex = 0; path = "06-Runtime应用-页面跳转.app"; sourceTree = BUILT_PRODUCTS_DIR; };
		7A6966462223E7130096F4EA /* AppDelegate.h */ = {isa = PBXFileReference; lastKnownFileType = sourcecode.c.h; path = AppDelegate.h; sourceTree = "<group>"; };
		7A6966472223E7130096F4EA /* AppDelegate.m */ = {isa = PBXFileReference; lastKnownFileType = sourcecode.c.objc; path = AppDelegate.m; sourceTree = "<group>"; };
		7A6966492223E7130096F4EA /* ViewController.h */ = {isa = PBXFileReference; lastKnownFileType = sourcecode.c.h; path = ViewController.h; sourceTree = "<group>"; };
		7A69664A2223E7130096F4EA /* ViewController.m */ = {isa = PBXFileReference; lastKnownFileType = sourcecode.c.objc; path = ViewController.m; sourceTree = "<group>"; };
		7A69664D2223E7130096F4EA /* Base */ = {isa = PBXFileReference; lastKnownFileType = file.storyboard; name = Base; path = Base.lproj/Main.storyboard; sourceTree = "<group>"; };
		7A69664F2223E7140096F4EA /* Assets.xcassets */ = {isa = PBXFileReference; lastKnownFileType = folder.assetcatalog; path = Assets.xcassets; sourceTree = "<group>"; };
		7A6966522223E7140096F4EA /* Base */ = {isa = PBXFileReference; lastKnownFileType = file.storyboard; name = Base; path = Base.lproj/LaunchScreen.storyboard; sourceTree = "<group>"; };
		7A6966542223E7140096F4EA /* Info.plist */ = {isa = PBXFileReference; lastKnownFileType = text.plist.xml; path = Info.plist; sourceTree = "<group>"; };
		7A6966552223E7140096F4EA /* main.m */ = {isa = PBXFileReference; lastKnownFileType = sourcecode.c.objc; path = main.m; sourceTree = "<group>"; };
		7A69665B2223E7150096F4EA /* 06-Runtime应用-页面跳转Tests.xctest */ = {isa = PBXFileReference; explicitFileType = wrapper.cfbundle; includeInIndex = 0; path = "06-Runtime应用-页面跳转Tests.xctest"; sourceTree = BUILT_PRODUCTS_DIR; };
		7A69665F2223E7150096F4EA /* _6_Runtime_______Tests.m */ = {isa = PBXFileReference; lastKnownFileType = sourcecode.c.objc; path = "_6_Runtime_______Tests.m"; sourceTree = "<group>"; };
		7A6966612223E7150096F4EA /* Info.plist */ = {isa = PBXFileReference; lastKnownFileType = text.plist.xml; path = Info.plist; sourceTree = "<group>"; };
		7A6966662223E7150096F4EA /* 06-Runtime应用-页面跳转UITests.xctest */ = {isa = PBXFileReference; explicitFileType = wrapper.cfbundle; includeInIndex = 0; path = "06-Runtime应用-页面跳转UITests.xctest"; sourceTree = BUILT_PRODUCTS_DIR; };
		7A69666A2223E7150096F4EA /* _6_Runtime_______UITests.m */ = {isa = PBXFileReference; lastKnownFileType = sourcecode.c.objc; path = "_6_Runtime_______UITests.m"; sourceTree = "<group>"; };
		7A69666C2223E7150096F4EA /* Info.plist */ = {isa = PBXFileReference; lastKnownFileType = text.plist.xml; path = Info.plist; sourceTree = "<group>"; };
		7A6966782223E73F0096F4EA /* LGRedViewController.h */ = {isa = PBXFileReference; lastKnownFileType = sourcecode.c.h; path = LGRedViewController.h; sourceTree = "<group>"; };
		7A6966792223E73F0096F4EA /* LGRedViewController.m */ = {isa = PBXFileReference; lastKnownFileType = sourcecode.c.objc; path = LGRedViewController.m; sourceTree = "<group>"; };
		7A69667B2223E74C0096F4EA /* LGGreenViewController.h */ = {isa = PBXFileReference; lastKnownFileType = sourcecode.c.h; path = LGGreenViewController.h; sourceTree = "<group>"; };
		7A69667C2223E74C0096F4EA /* LGGreenViewController.m */ = {isa = PBXFileReference; lastKnownFileType = sourcecode.c.objc; path = LGGreenViewController.m; sourceTree = "<group>"; };
/* End PBXFileReference section */

/* Begin PBXFrameworksBuildPhase section */
		7A6966402223E7130096F4EA /* Frameworks */ = {
			isa = PBXFrameworksBuildPhase;
			buildActionMask = 2147483647;
			files = (
			);
			runOnlyForDeploymentPostprocessing = 0;
		};
		7A6966582223E7150096F4EA /* Frameworks */ = {
			isa = PBXFrameworksBuildPhase;
			buildActionMask = 2147483647;
			files = (
			);
			runOnlyForDeploymentPostprocessing = 0;
		};
		7A6966632223E7150096F4EA /* Frameworks */ = {
			isa = PBXFrameworksBuildPhase;
			buildActionMask = 2147483647;
			files = (
			);
			runOnlyForDeploymentPostprocessing = 0;
		};
/* End PBXFrameworksBuildPhase section */

/* Begin PBXGroup section */
		7A69663A2223E7130096F4EA = {
			isa = PBXGroup;
			children = (
				7A6966452223E7130096F4EA /* 06-Runtime应用-页面跳转 */,
				7A69665E2223E7150096F4EA /* 06-Runtime应用-页面跳转Tests */,
				7A6966692223E7150096F4EA /* 06-Runtime应用-页面跳转UITests */,
				7A6966442223E7130096F4EA /* Products */,
			);
			sourceTree = "<group>";
		};
		7A6966442223E7130096F4EA /* Products */ = {
			isa = PBXGroup;
			children = (
				7A6966432223E7130096F4EA /* 06-Runtime应用-页面跳转.app */,
				7A69665B2223E7150096F4EA /* 06-Runtime应用-页面跳转Tests.xctest */,
				7A6966662223E7150096F4EA /* 06-Runtime应用-页面跳转UITests.xctest */,
			);
			name = Products;
			sourceTree = "<group>";
		};
		7A6966452223E7130096F4EA /* 06-Runtime应用-页面跳转 */ = {
			isa = PBXGroup;
			children = (
				7A6966462223E7130096F4EA /* AppDelegate.h */,
				7A6966472223E7130096F4EA /* AppDelegate.m */,
				7A6966492223E7130096F4EA /* ViewController.h */,
				7A69664A2223E7130096F4EA /* ViewController.m */,
				7A6966782223E73F0096F4EA /* LGRedViewController.h */,
				7A6966792223E73F0096F4EA /* LGRedViewController.m */,
				7A69667B2223E74C0096F4EA /* LGGreenViewController.h */,
				7A69667C2223E74C0096F4EA /* LGGreenViewController.m */,
				7A69664C2223E7130096F4EA /* Main.storyboard */,
				7A69664F2223E7140096F4EA /* Assets.xcassets */,
				7A6966512223E7140096F4EA /* LaunchScreen.storyboard */,
				7A6966542223E7140096F4EA /* Info.plist */,
				7A6966552223E7140096F4EA /* main.m */,
			);
			path = "06-Runtime应用-页面跳转";
			sourceTree = "<group>";
		};
		7A69665E2223E7150096F4EA /* 06-Runtime应用-页面跳转Tests */ = {
			isa = PBXGroup;
			children = (
				7A69665F2223E7150096F4EA /* _6_Runtime_______Tests.m */,
				7A6966612223E7150096F4EA /* Info.plist */,
			);
			path = "06-Runtime应用-页面跳转Tests";
			sourceTree = "<group>";
		};
		7A6966692223E7150096F4EA /* 06-Runtime应用-页面跳转UITests */ = {
			isa = PBXGroup;
			children = (
				7A69666A2223E7150096F4EA /* _6_Runtime_______UITests.m */,
				7A69666C2223E7150096F4EA /* Info.plist */,
			);
			path = "06-Runtime应用-页面跳转UITests";
			sourceTree = "<group>";
		};
/* End PBXGroup section */

/* Begin PBXNativeTarget section */
		7A6966422223E7130096F4EA /* 06-Runtime应用-页面跳转 */ = {
			isa = PBXNativeTarget;
			buildConfigurationList = 7A69666F2223E7150096F4EA /* Build configuration list for PBXNativeTarget "06-Runtime应用-页面跳转" */;
			buildPhases = (
				7A69663F2223E7130096F4EA /* Sources */,
				7A6966402223E7130096F4EA /* Frameworks */,
				7A6966412223E7130096F4EA /* Resources */,
			);
			buildRules = (
			);
			dependencies = (
			);
			name = "06-Runtime应用-页面跳转";
			productName = "06-Runtime应用-页面跳转";
			productReference = 7A6966432223E7130096F4EA /* 06-Runtime应用-页面跳转.app */;
			productType = "com.apple.product-type.application";
		};
		7A69665A2223E7150096F4EA /* 06-Runtime应用-页面跳转Tests */ = {
			isa = PBXNativeTarget;
			buildConfigurationList = 7A6966722223E7150096F4EA /* Build configuration list for PBXNativeTarget "06-Runtime应用-页面跳转Tests" */;
			buildPhases = (
				7A6966572223E7150096F4EA /* Sources */,
				7A6966582223E7150096F4EA /* Frameworks */,
				7A6966592223E7150096F4EA /* Resources */,
			);
			buildRules = (
			);
			dependencies = (
				7A69665D2223E7150096F4EA /* PBXTargetDependency */,
			);
			name = "06-Runtime应用-页面跳转Tests";
			productName = "06-Runtime应用-页面跳转Tests";
			productReference = 7A69665B2223E7150096F4EA /* 06-Runtime应用-页面跳转Tests.xctest */;
			productType = "com.apple.product-type.bundle.unit-test";
		};
		7A6966652223E7150096F4EA /* 06-Runtime应用-页面跳转UITests */ = {
			isa = PBXNativeTarget;
			buildConfigurationList = 7A6966752223E7150096F4EA /* Build configuration list for PBXNativeTarget "06-Runtime应用-页面跳转UITests" */;
			buildPhases = (
				7A6966622223E7150096F4EA /* Sources */,
				7A6966632223E7150096F4EA /* Frameworks */,
				7A6966642223E7150096F4EA /* Resources */,
			);
			buildRules = (
			);
			dependencies = (
				7A6966682223E7150096F4EA /* PBXTargetDependency */,
			);
			name = "06-Runtime应用-页面跳转UITests";
			productName = "06-Runtime应用-页面跳转UITests";
			productReference = 7A6966662223E7150096F4EA /* 06-Runtime应用-页面跳转UITests.xctest */;
			productType = "com.apple.product-type.bundle.ui-testing";
		};
/* End PBXNativeTarget section */

/* Begin PBXProject section */
		7A69663B2223E7130096F4EA /* Project object */ = {
			isa = PBXProject;
			attributes = {
				LastUpgradeCheck = 1010;
				ORGANIZATIONNAME = cooci;
				TargetAttributes = {
					7A6966422223E7130096F4EA = {
						CreatedOnToolsVersion = 10.1;
					};
					7A69665A2223E7150096F4EA = {
						CreatedOnToolsVersion = 10.1;
						TestTargetID = 7A6966422223E7130096F4EA;
					};
					7A6966652223E7150096F4EA = {
						CreatedOnToolsVersion = 10.1;
						TestTargetID = 7A6966422223E7130096F4EA;
					};
				};
			};
			buildConfigurationList = 7A69663E2223E7130096F4EA /* Build configuration list for PBXProject "06-Runtime应用-页面跳转" */;
			compatibilityVersion = "Xcode 9.3";
			developmentRegion = en;
			hasScannedForEncodings = 0;
			knownRegions = (
				en,
				Base,
			);
			mainGroup = 7A69663A2223E7130096F4EA;
			productRefGroup = 7A6966442223E7130096F4EA /* Products */;
			projectDirPath = "";
			projectRoot = "";
			targets = (
				7A6966422223E7130096F4EA /* 06-Runtime应用-页面跳转 */,
				7A69665A2223E7150096F4EA /* 06-Runtime应用-页面跳转Tests */,
				7A6966652223E7150096F4EA /* 06-Runtime应用-页面跳转UITests */,
			);
		};
/* End PBXProject section */

/* Begin PBXResourcesBuildPhase section */
		7A6966412223E7130096F4EA /* Resources */ = {
			isa = PBXResourcesBuildPhase;
			buildActionMask = 2147483647;
			files = (
				7A6966532223E7140096F4EA /* LaunchScreen.storyboard in Resources */,
				7A6966502223E7140096F4EA /* Assets.xcassets in Resources */,
				7A69664E2223E7130096F4EA /* Main.storyboard in Resources */,
			);
			runOnlyForDeploymentPostprocessing = 0;
		};
		7A6966592223E7150096F4EA /* Resources */ = {
			isa = PBXResourcesBuildPhase;
			buildActionMask = 2147483647;
			files = (
			);
			runOnlyForDeploymentPostprocessing = 0;
		};
		7A6966642223E7150096F4EA /* Resources */ = {
			isa = PBXResourcesBuildPhase;
			buildActionMask = 2147483647;
			files = (
			);
			runOnlyForDeploymentPostprocessing = 0;
		};
/* End PBXResourcesBuildPhase section */

/* Begin PBXSourcesBuildPhase section */
		7A69663F2223E7130096F4EA /* Sources */ = {
			isa = PBXSourcesBuildPhase;
			buildActionMask = 2147483647;
			files = (
				7A69664B2223E7130096F4EA /* ViewController.m in Sources */,
				7A69667D2223E74C0096F4EA /* LGGreenViewController.m in Sources */,
				7A69667A2223E73F0096F4EA /* LGRedViewController.m in Sources */,
				7A6966562223E7140096F4EA /* main.m in Sources */,
				7A6966482223E7130096F4EA /* AppDelegate.m in Sources */,
			);
			runOnlyForDeploymentPostprocessing = 0;
		};
		7A6966572223E7150096F4EA /* Sources */ = {
			isa = PBXSourcesBuildPhase;
			buildActionMask = 2147483647;
			files = (
				7A6966602223E7150096F4EA /* _6_Runtime_______Tests.m in Sources */,
			);
			runOnlyForDeploymentPostprocessing = 0;
		};
		7A6966622223E7150096F4EA /* Sources */ = {
			isa = PBXSourcesBuildPhase;
			buildActionMask = 2147483647;
			files = (
				7A69666B2223E7150096F4EA /* _6_Runtime_______UITests.m in Sources */,
			);
			runOnlyForDeploymentPostprocessing = 0;
		};
/* End PBXSourcesBuildPhase section */

/* Begin PBXTargetDependency section */
		7A69665D2223E7150096F4EA /* PBXTargetDependency */ = {
			isa = PBXTargetDependency;
			target = 7A6966422223E7130096F4EA /* 06-Runtime应用-页面跳转 */;
			targetProxy = 7A69665C2223E7150096F4EA /* PBXContainerItemProxy */;
		};
		7A6966682223E7150096F4EA /* PBXTargetDependency */ = {
			isa = PBXTargetDependency;
			target = 7A6966422223E7130096F4EA /* 06-Runtime应用-页面跳转 */;
			targetProxy = 7A6966672223E7150096F4EA /* PBXContainerItemProxy */;
		};
/* End PBXTargetDependency section */

/* Begin PBXVariantGroup section */
		7A69664C2223E7130096F4EA /* Main.storyboard */ = {
			isa = PBXVariantGroup;
			children = (
				7A69664D2223E7130096F4EA /* Base */,
			);
			name = Main.storyboard;
			sourceTree = "<group>";
		};
		7A6966512223E7140096F4EA /* LaunchScreen.storyboard */ = {
			isa = PBXVariantGroup;
			children = (
				7A6966522223E7140096F4EA /* Base */,
			);
			name = LaunchScreen.storyboard;
			sourceTree = "<group>";
		};
/* End PBXVariantGroup section */

/* Begin XCBuildConfiguration section */
		7A69666D2223E7150096F4EA /* Debug */ = {
			isa = XCBuildConfiguration;
			buildSettings = {
				ALWAYS_SEARCH_USER_PATHS = NO;
				CLANG_ANALYZER_NONNULL = YES;
				CLANG_ANALYZER_NUMBER_OBJECT_CONVERSION = YES_AGGRESSIVE;
				CLANG_CXX_LANGUAGE_STANDARD = "gnu++14";
				CLANG_CXX_LIBRARY = "libc++";
				CLANG_ENABLE_MODULES = YES;
				CLANG_ENABLE_OBJC_ARC = YES;
				CLANG_ENABLE_OBJC_WEAK = YES;
				CLANG_WARN_BLOCK_CAPTURE_AUTORELEASING = YES;
				CLANG_WARN_BOOL_CONVERSION = YES;
				CLANG_WARN_COMMA = YES;
				CLANG_WARN_CONSTANT_CONVERSION = YES;
				CLANG_WARN_DEPRECATED_OBJC_IMPLEMENTATIONS = YES;
				CLANG_WARN_DIRECT_OBJC_ISA_USAGE = YES_ERROR;
				CLANG_WARN_DOCUMENTATION_COMMENTS = YES;
				CLANG_WARN_EMPTY_BODY = YES;
				CLANG_WARN_ENUM_CONVERSION = YES;
				CLANG_WARN_INFINITE_RECURSION = YES;
				CLANG_WARN_INT_CONVERSION = YES;
				CLANG_WARN_NON_LITERAL_NULL_CONVERSION = YES;
				CLANG_WARN_OBJC_IMPLICIT_RETAIN_SELF = YES;
				CLANG_WARN_OBJC_LITERAL_CONVERSION = YES;
				CLANG_WARN_OBJC_ROOT_CLASS = YES_ERROR;
				CLANG_WARN_RANGE_LOOP_ANALYSIS = YES;
				CLANG_WARN_STRICT_PROTOTYPES = YES;
				CLANG_WARN_SUSPICIOUS_MOVE = YES;
				CLANG_WARN_UNGUARDED_AVAILABILITY = YES_AGGRESSIVE;
				CLANG_WARN_UNREACHABLE_CODE = YES;
				CLANG_WARN__DUPLICATE_METHOD_MATCH = YES;
				CODE_SIGN_IDENTITY = "iPhone Developer";
				COPY_PHASE_STRIP = NO;
				DEBUG_INFORMATION_FORMAT = dwarf;
				ENABLE_STRICT_OBJC_MSGSEND = YES;
				ENABLE_TESTABILITY = YES;
				GCC_C_LANGUAGE_STANDARD = gnu11;
				GCC_DYNAMIC_NO_PIC = NO;
				GCC_NO_COMMON_BLOCKS = YES;
				GCC_OPTIMIZATION_LEVEL = 0;
				GCC_PREPROCESSOR_DEFINITIONS = (
					"DEBUG=1",
					"$(inherited)",
				);
				GCC_WARN_64_TO_32_BIT_CONVERSION = YES;
				GCC_WARN_ABOUT_RETURN_TYPE = YES_ERROR;
				GCC_WARN_UNDECLARED_SELECTOR = YES;
				GCC_WARN_UNINITIALIZED_AUTOS = YES_AGGRESSIVE;
				GCC_WARN_UNUSED_FUNCTION = YES;
				GCC_WARN_UNUSED_VARIABLE = YES;
				IPHONEOS_DEPLOYMENT_TARGET = 12.1;
				MTL_ENABLE_DEBUG_INFO = INCLUDE_SOURCE;
				MTL_FAST_MATH = YES;
				ONLY_ACTIVE_ARCH = YES;
				SDKROOT = iphoneos;
			};
			name = Debug;
		};
		7A69666E2223E7150096F4EA /* Release */ = {
			isa = XCBuildConfiguration;
			buildSettings = {
				ALWAYS_SEARCH_USER_PATHS = NO;
				CLANG_ANALYZER_NONNULL = YES;
				CLANG_ANALYZER_NUMBER_OBJECT_CONVERSION = YES_AGGRESSIVE;
				CLANG_CXX_LANGUAGE_STANDARD = "gnu++14";
				CLANG_CXX_LIBRARY = "libc++";
				CLANG_ENABLE_MODULES = YES;
				CLANG_ENABLE_OBJC_ARC = YES;
				CLANG_ENABLE_OBJC_WEAK = YES;
				CLANG_WARN_BLOCK_CAPTURE_AUTORELEASING = YES;
				CLANG_WARN_BOOL_CONVERSION = YES;
				CLANG_WARN_COMMA = YES;
				CLANG_WARN_CONSTANT_CONVERSION = YES;
				CLANG_WARN_DEPRECATED_OBJC_IMPLEMENTATIONS = YES;
				CLANG_WARN_DIRECT_OBJC_ISA_USAGE = YES_ERROR;
				CLANG_WARN_DOCUMENTATION_COMMENTS = YES;
				CLANG_WARN_EMPTY_BODY = YES;
				CLANG_WARN_ENUM_CONVERSION = YES;
				CLANG_WARN_INFINITE_RECURSION = YES;
				CLANG_WARN_INT_CONVERSION = YES;
				CLANG_WARN_NON_LITERAL_NULL_CONVERSION = YES;
				CLANG_WARN_OBJC_IMPLICIT_RETAIN_SELF = YES;
				CLANG_WARN_OBJC_LITERAL_CONVERSION = YES;
				CLANG_WARN_OBJC_ROOT_CLASS = YES_ERROR;
				CLANG_WARN_RANGE_LOOP_ANALYSIS = YES;
				CLANG_WARN_STRICT_PROTOTYPES = YES;
				CLANG_WARN_SUSPICIOUS_MOVE = YES;
				CLANG_WARN_UNGUARDED_AVAILABILITY = YES_AGGRESSIVE;
				CLANG_WARN_UNREACHABLE_CODE = YES;
				CLANG_WARN__DUPLICATE_METHOD_MATCH = YES;
				CODE_SIGN_IDENTITY = "iPhone Developer";
				COPY_PHASE_STRIP = NO;
				DEBUG_INFORMATION_FORMAT = "dwarf-with-dsym";
				ENABLE_NS_ASSERTIONS = NO;
				ENABLE_STRICT_OBJC_MSGSEND = YES;
				GCC_C_LANGUAGE_STANDARD = gnu11;
				GCC_NO_COMMON_BLOCKS = YES;
				GCC_WARN_64_TO_32_BIT_CONVERSION = YES;
				GCC_WARN_ABOUT_RETURN_TYPE = YES_ERROR;
				GCC_WARN_UNDECLARED_SELECTOR = YES;
				GCC_WARN_UNINITIALIZED_AUTOS = YES_AGGRESSIVE;
				GCC_WARN_UNUSED_FUNCTION = YES;
				GCC_WARN_UNUSED_VARIABLE = YES;
				IPHONEOS_DEPLOYMENT_TARGET = 12.1;
				MTL_ENABLE_DEBUG_INFO = NO;
				MTL_FAST_MATH = YES;
				SDKROOT = iphoneos;
				VALIDATE_PRODUCT = YES;
			};
			name = Release;
		};
		7A6966702223E7150096F4EA /* Debug */ = {
			isa = XCBuildConfiguration;
			buildSettings = {
				ASSETCATALOG_COMPILER_APPICON_NAME = AppIcon;
				CODE_SIGN_STYLE = Automatic;
				DEVELOPMENT_TEAM = U5LAHK8PW6;
				INFOPLIST_FILE = "06-Runtime应用-页面跳转/Info.plist";
				LD_RUNPATH_SEARCH_PATHS = (
					"$(inherited)",
					"@executable_path/Frameworks",
				);
				PRODUCT_BUNDLE_IDENTIFIER = "com.lg.cn.KCVideo.-6-Runtime-------";
				PRODUCT_NAME = "$(TARGET_NAME)";
				TARGETED_DEVICE_FAMILY = "1,2";
			};
			name = Debug;
		};
		7A6966712223E7150096F4EA /* Release */ = {
			isa = XCBuildConfiguration;
			buildSettings = {
				ASSETCATALOG_COMPILER_APPICON_NAME = AppIcon;
				CODE_SIGN_STYLE = Automatic;
				DEVELOPMENT_TEAM = U5LAHK8PW6;
				INFOPLIST_FILE = "06-Runtime应用-页面跳转/Info.plist";
				LD_RUNPATH_SEARCH_PATHS = (
					"$(inherited)",
					"@executable_path/Frameworks",
				);
				PRODUCT_BUNDLE_IDENTIFIER = "com.lg.cn.KCVideo.-6-Runtime-------";
				PRODUCT_NAME = "$(TARGET_NAME)";
				TARGETED_DEVICE_FAMILY = "1,2";
			};
			name = Release;
		};
		7A6966732223E7150096F4EA /* Debug */ = {
			isa = XCBuildConfiguration;
			buildSettings = {
				BUNDLE_LOADER = "$(TEST_HOST)";
				CODE_SIGN_STYLE = Automatic;
				DEVELOPMENT_TEAM = U5LAHK8PW6;
				INFOPLIST_FILE = "06-Runtime应用-页面跳转Tests/Info.plist";
				LD_RUNPATH_SEARCH_PATHS = (
					"$(inherited)",
					"@executable_path/Frameworks",
					"@loader_path/Frameworks",
				);
				PRODUCT_BUNDLE_IDENTIFIER = "com.lg.cn.KCVideo.-6-Runtime-------Tests";
				PRODUCT_NAME = "$(TARGET_NAME)";
				TARGETED_DEVICE_FAMILY = "1,2";
				TEST_HOST = "$(BUILT_PRODUCTS_DIR)/06-Runtime应用-页面跳转.app/06-Runtime应用-页面跳转";
			};
			name = Debug;
		};
		7A6966742223E7150096F4EA /* Release */ = {
			isa = XCBuildConfiguration;
			buildSettings = {
				BUNDLE_LOADER = "$(TEST_HOST)";
				CODE_SIGN_STYLE = Automatic;
				DEVELOPMENT_TEAM = U5LAHK8PW6;
				INFOPLIST_FILE = "06-Runtime应用-页面跳转Tests/Info.plist";
				LD_RUNPATH_SEARCH_PATHS = (
					"$(inherited)",
					"@executable_path/Frameworks",
					"@loader_path/Frameworks",
				);
				PRODUCT_BUNDLE_IDENTIFIER = "com.lg.cn.KCVideo.-6-Runtime-------Tests";
				PRODUCT_NAME = "$(TARGET_NAME)";
				TARGETED_DEVICE_FAMILY = "1,2";
				TEST_HOST = "$(BUILT_PRODUCTS_DIR)/06-Runtime应用-页面跳转.app/06-Runtime应用-页面跳转";
			};
			name = Release;
		};
		7A6966762223E7150096F4EA /* Debug */ = {
			isa = XCBuildConfiguration;
			buildSettings = {
				CODE_SIGN_STYLE = Automatic;
				DEVELOPMENT_TEAM = U5LAHK8PW6;
				INFOPLIST_FILE = "06-Runtime应用-页面跳转UITests/Info.plist";
				LD_RUNPATH_SEARCH_PATHS = (
					"$(inherited)",
					"@executable_path/Frameworks",
					"@loader_path/Frameworks",
				);
				PRODUCT_BUNDLE_IDENTIFIER = "com.lg.cn.KCVideo.-6-Runtime-------UITests";
				PRODUCT_NAME = "$(TARGET_NAME)";
				TARGETED_DEVICE_FAMILY = "1,2";
				TEST_TARGET_NAME = "06-Runtime应用-页面跳转";
			};
			name = Debug;
		};
		7A6966772223E7150096F4EA /* Release */ = {
			isa = XCBuildConfiguration;
			buildSettings = {
				CODE_SIGN_STYLE = Automatic;
				DEVELOPMENT_TEAM = U5LAHK8PW6;
				INFOPLIST_FILE = "06-Runtime应用-页面跳转UITests/Info.plist";
				LD_RUNPATH_SEARCH_PATHS = (
					"$(inherited)",
					"@executable_path/Frameworks",
					"@loader_path/Frameworks",
				);
				PRODUCT_BUNDLE_IDENTIFIER = "com.lg.cn.KCVideo.-6-Runtime-------UITests";
				PRODUCT_NAME = "$(TARGET_NAME)";
				TARGETED_DEVICE_FAMILY = "1,2";
				TEST_TARGET_NAME = "06-Runtime应用-页面跳转";
			};
			name = Release;
		};
/* End XCBuildConfiguration section */

/* Begin XCConfigurationList section */
		7A69663E2223E7130096F4EA /* Build configuration list for PBXProject "06-Runtime应用-页面跳转" */ = {
			isa = XCConfigurationList;
			buildConfigurations = (
				7A69666D2223E7150096F4EA /* Debug */,
				7A69666E2223E7150096F4EA /* Release */,
			);
			defaultConfigurationIsVisible = 0;
			defaultConfigurationName = Release;
		};
		7A69666F2223E7150096F4EA /* Build configuration list for PBXNativeTarget "06-Runtime应用-页面跳转" */ = {
			isa = XCConfigurationList;
			buildConfigurations = (
				7A6966702223E7150096F4EA /* Debug */,
				7A6966712223E7150096F4EA /* Release */,
			);
			defaultConfigurationIsVisible = 0;
			defaultConfigurationName = Release;
		};
		7A6966722223E7150096F4EA /* Build configuration list for PBXNativeTarget "06-Runtime应用-页面跳转Tests" */ = {
			isa = XCConfigurationList;
			buildConfigurations = (
				7A6966732223E7150096F4EA /* Debug */,
				7A6966742223E7150096F4EA /* Release */,
			);
			defaultConfigurationIsVisible = 0;
			defaultConfigurationName = Release;
		};
		7A6966752223E7150096F4EA /* Build configuration list for PBXNativeTarget "06-Runtime应用-页面跳转UITests" */ = {
			isa = XCConfigurationList;
			buildConfigurations = (
				7A6966762223E7150096F4EA /* Debug */,
				7A6966772223E7150096F4EA /* Release */,
			);
			defaultConfigurationIsVisible = 0;
			defaultConfigurationName = Release;
		};
/* End XCConfigurationList section */
	};
	rootObject = 7A69663B2223E7130096F4EA /* Project object */;
}
