// !$*UTF8*$!
{
	archiveVersion = 1;
	classes = {
	};
	objectVersion = 50;
	objects = {

/* Begin PBXBuildFile section */
		7A99FE3621AD059300A253E7 /* main.m in Sources */ = {isa = PBXBuildFile; fileRef = 7A99FE3521AD059300A253E7 /* main.m */; };
		7A99FE3E21AD05AC00A253E7 /* LGPerson.m in Sources */ = {isa = PBXBuildFile; fileRef = 7A99FE3D21AD05AC00A253E7 /* LGPerson.m */; };
		7A99FE4121AD05BD00A253E7 /* LGStudent.m in Sources */ = {isa = PBXBuildFile; fileRef = 7A99FE4021AD05BD00A253E7 /* LGStudent.m */; };
		7AD5261021B00700001A01D6 /* NSObject+LGKC.m in Sources */ = {isa = PBXBuildFile; fileRef = 7AD5260F21B00700001A01D6 /* NSObject+LGKC.m */; };
/* End PBXBuildFile section */

/* Begin PBXCopyFilesBuildPhase section */
		7A99FE3021AD059300A253E7 /* CopyFiles */ = {
			isa = PBXCopyFilesBuildPhase;
			buildActionMask = 2147483647;
			dstPath = /usr/share/man/man1/;
			dstSubfolderSpec = 0;
			files = (
			);
			runOnlyForDeploymentPostprocessing = 1;
		};
/* End PBXCopyFilesBuildPhase section */

/* Begin PBXFileReference section */
		7A99FE3221AD059300A253E7 /* 01-Runtime 初探 */ = {isa = PBXFileReference; explicitFileType = "compiled.mach-o.executable"; includeInIndex = 0; path = "01-Runtime 初探"; sourceTree = BUILT_PRODUCTS_DIR; };
		7A99FE3521AD059300A253E7 /* main.m */ = {isa = PBXFileReference; lastKnownFileType = sourcecode.c.objc; path = main.m; sourceTree = "<group>"; };
		7A99FE3C21AD05AC00A253E7 /* LGPerson.h */ = {isa = PBXFileReference; lastKnownFileType = sourcecode.c.h; path = LGPerson.h; sourceTree = "<group>"; };
		7A99FE3D21AD05AC00A253E7 /* LGPerson.m */ = {isa = PBXFileReference; lastKnownFileType = sourcecode.c.objc; path = LGPerson.m; sourceTree = "<group>"; };
		7A99FE3F21AD05BD00A253E7 /* LGStudent.h */ = {isa = PBXFileReference; lastKnownFileType = sourcecode.c.h; path = LGStudent.h; sourceTree = "<group>"; };
		7A99FE4021AD05BD00A253E7 /* LGStudent.m */ = {isa = PBXFileReference; lastKnownFileType = sourcecode.c.objc; path = LGStudent.m; sourceTree = "<group>"; };
		7AD5260E21B00700001A01D6 /* NSObject+LGKC.h */ = {isa = PBXFileReference; lastKnownFileType = sourcecode.c.h; path = "NSObject+LGKC.h"; sourceTree = "<group>"; };
		7AD5260F21B00700001A01D6 /* NSObject+LGKC.m */ = {isa = PBXFileReference; lastKnownFileType = sourcecode.c.objc; path = "NSObject+LGKC.m"; sourceTree = "<group>"; };
/* End PBXFileReference section */

/* Begin PBXFrameworksBuildPhase section */
		7A99FE2F21AD059300A253E7 /* Frameworks */ = {
			isa = PBXFrameworksBuildPhase;
			buildActionMask = 2147483647;
			files = (
			);
			runOnlyForDeploymentPostprocessing = 0;
		};
/* End PBXFrameworksBuildPhase section */

/* Begin PBXGroup section */
		7A99FE2921AD059300A253E7 = {
			isa = PBXGroup;
			children = (
				7A99FE3421AD059300A253E7 /* 01-Runtime 初探 */,
				7A99FE3321AD059300A253E7 /* Products */,
			);
			sourceTree = "<group>";
		};
		7A99FE3321AD059300A253E7 /* Products */ = {
			isa = PBXGroup;
			children = (
				7A99FE3221AD059300A253E7 /* 01-Runtime 初探 */,
			);
			name = Products;
			sourceTree = "<group>";
		};
		7A99FE3421AD059300A253E7 /* 01-Runtime 初探 */ = {
			isa = PBXGroup;
			children = (
				7A99FE3521AD059300A253E7 /* main.m */,
				7A99FE3C21AD05AC00A253E7 /* LGPerson.h */,
				7A99FE3D21AD05AC00A253E7 /* LGPerson.m */,
				7A99FE3F21AD05BD00A253E7 /* LGStudent.h */,
				7A99FE4021AD05BD00A253E7 /* LGStudent.m */,
				7AD5260E21B00700001A01D6 /* NSObject+LGKC.h */,
				7AD5260F21B00700001A01D6 /* NSObject+LGKC.m */,
			);
			path = "01-Runtime 初探";
			sourceTree = "<group>";
		};
/* End PBXGroup section */

/* Begin PBXNativeTarget section */
		7A99FE3121AD059300A253E7 /* 01-Runtime 初探 */ = {
			isa = PBXNativeTarget;
			buildConfigurationList = 7A99FE3921AD059300A253E7 /* Build configuration list for PBXNativeTarget "01-Runtime 初探" */;
			buildPhases = (
				7A99FE2E21AD059300A253E7 /* Sources */,
				7A99FE2F21AD059300A253E7 /* Frameworks */,
				7A99FE3021AD059300A253E7 /* CopyFiles */,
			);
			buildRules = (
			);
			dependencies = (
			);
			name = "01-Runtime 初探";
			productName = "01-Runtime 初探";
			productReference = 7A99FE3221AD059300A253E7 /* 01-Runtime 初探 */;
			productType = "com.apple.product-type.tool";
		};
/* End PBXNativeTarget section */

/* Begin PBXProject section */
		7A99FE2A21AD059300A253E7 /* Project object */ = {
			isa = PBXProject;
			attributes = {
				CLASSPREFIX = LG;
				LastUpgradeCheck = 1000;
				ORGANIZATIONNAME = cooci;
				TargetAttributes = {
					7A99FE3121AD059300A253E7 = {
						CreatedOnToolsVersion = 10.0;
					};
				};
			};
			buildConfigurationList = 7A99FE2D21AD059300A253E7 /* Build configuration list for PBXProject "01-Runtime 初探" */;
			compatibilityVersion = "Xcode 9.3";
			developmentRegion = en;
			hasScannedForEncodings = 0;
			knownRegions = (
				en,
			);
			mainGroup = 7A99FE2921AD059300A253E7;
			productRefGroup = 7A99FE3321AD059300A253E7 /* Products */;
			projectDirPath = "";
			projectRoot = "";
			targets = (
				7A99FE3121AD059300A253E7 /* 01-Runtime 初探 */,
			);
		};
/* End PBXProject section */

/* Begin PBXSourcesBuildPhase section */
		7A99FE2E21AD059300A253E7 /* Sources */ = {
			isa = PBXSourcesBuildPhase;
			buildActionMask = 2147483647;
			files = (
				7A99FE3621AD059300A253E7 /* main.m in Sources */,
				7A99FE4121AD05BD00A253E7 /* LGStudent.m in Sources */,
				7AD5261021B00700001A01D6 /* NSObject+LGKC.m in Sources */,
				7A99FE3E21AD05AC00A253E7 /* LGPerson.m in Sources */,
			);
			runOnlyForDeploymentPostprocessing = 0;
		};
/* End PBXSourcesBuildPhase section */

/* Begin XCBuildConfiguration section */
		7A99FE3721AD059300A253E7 /* Debug */ = {
			isa = XCBuildConfiguration;
			buildSettings = {
				ALWAYS_SEARCH_USER_PATHS = NO;
				CLANG_ANALYZER_NONNULL = YES;
				CLANG_ANALYZER_NUMBER_OBJECT_CONVERSION = YES_AGGRESSIVE;
				CLANG_CXX_LANGUAGE_STANDARD = "gnu++14";
				CLANG_CXX_LIBRARY = "libc++";
				CLANG_ENABLE_MODULES = YES;
				CLANG_ENABLE_OBJC_ARC = YES;
				CLANG_ENABLE_OBJC_WEAK = YES;
				CLANG_WARN_BLOCK_CAPTURE_AUTORELEASING = YES;
				CLANG_WARN_BOOL_CONVERSION = YES;
				CLANG_WARN_COMMA = YES;
				CLANG_WARN_CONSTANT_CONVERSION = YES;
				CLANG_WARN_DEPRECATED_OBJC_IMPLEMENTATIONS = YES;
				CLANG_WARN_DIRECT_OBJC_ISA_USAGE = YES_ERROR;
				CLANG_WARN_DOCUMENTATION_COMMENTS = YES;
				CLANG_WARN_EMPTY_BODY = YES;
				CLANG_WARN_ENUM_CONVERSION = YES;
				CLANG_WARN_INFINITE_RECURSION = YES;
				CLANG_WARN_INT_CONVERSION = YES;
				CLANG_WARN_NON_LITERAL_NULL_CONVERSION = YES;
				CLANG_WARN_OBJC_IMPLICIT_RETAIN_SELF = YES;
				CLANG_WARN_OBJC_LITERAL_CONVERSION = YES;
				CLANG_WARN_OBJC_ROOT_CLASS = YES_ERROR;
				CLANG_WARN_RANGE_LOOP_ANALYSIS = YES;
				CLANG_WARN_STRICT_PROTOTYPES = YES;
				CLANG_WARN_SUSPICIOUS_MOVE = YES;
				CLANG_WARN_UNGUARDED_AVAILABILITY = YES_AGGRESSIVE;
				CLANG_WARN_UNREACHABLE_CODE = YES;
				CLANG_WARN__DUPLICATE_METHOD_MATCH = YES;
				CODE_SIGN_IDENTITY = "Mac Developer";
				COPY_PHASE_STRIP = NO;
				DEBUG_INFORMATION_FORMAT = dwarf;
				ENABLE_STRICT_OBJC_MSGSEND = YES;
				ENABLE_TESTABILITY = YES;
				GCC_C_LANGUAGE_STANDARD = gnu11;
				GCC_DYNAMIC_NO_PIC = NO;
				GCC_NO_COMMON_BLOCKS = YES;
				GCC_OPTIMIZATION_LEVEL = 0;
				GCC_PREPROCESSOR_DEFINITIONS = (
					"DEBUG=1",
					"$(inherited)",
				);
				GCC_WARN_64_TO_32_BIT_CONVERSION = YES;
				GCC_WARN_ABOUT_RETURN_TYPE = YES_ERROR;
				GCC_WARN_UNDECLARED_SELECTOR = YES;
				GCC_WARN_UNINITIALIZED_AUTOS = YES_AGGRESSIVE;
				GCC_WARN_UNUSED_FUNCTION = YES;
				GCC_WARN_UNUSED_VARIABLE = YES;
				MACOSX_DEPLOYMENT_TARGET = 10.14;
				MTL_ENABLE_DEBUG_INFO = INCLUDE_SOURCE;
				MTL_FAST_MATH = YES;
				ONLY_ACTIVE_ARCH = YES;
				SDKROOT = macosx;
			};
			name = Debug;
		};
		7A99FE3821AD059300A253E7 /* Release */ = {
			isa = XCBuildConfiguration;
			buildSettings = {
				ALWAYS_SEARCH_USER_PATHS = NO;
				CLANG_ANALYZER_NONNULL = YES;
				CLANG_ANALYZER_NUMBER_OBJECT_CONVERSION = YES_AGGRESSIVE;
				CLANG_CXX_LANGUAGE_STANDARD = "gnu++14";
				CLANG_CXX_LIBRARY = "libc++";
				CLANG_ENABLE_MODULES = YES;
				CLANG_ENABLE_OBJC_ARC = YES;
				CLANG_ENABLE_OBJC_WEAK = YES;
				CLANG_WARN_BLOCK_CAPTURE_AUTORELEASING = YES;
				CLANG_WARN_BOOL_CONVERSION = YES;
				CLANG_WARN_COMMA = YES;
				CLANG_WARN_CONSTANT_CONVERSION = YES;
				CLANG_WARN_DEPRECATED_OBJC_IMPLEMENTATIONS = YES;
				CLANG_WARN_DIRECT_OBJC_ISA_USAGE = YES_ERROR;
				CLANG_WARN_DOCUMENTATION_COMMENTS = YES;
				CLANG_WARN_EMPTY_BODY = YES;
				CLANG_WARN_ENUM_CONVERSION = YES;
				CLANG_WARN_INFINITE_RECURSION = YES;
				CLANG_WARN_INT_CONVERSION = YES;
				CLANG_WARN_NON_LITERAL_NULL_CONVERSION = YES;
				CLANG_WARN_OBJC_IMPLICIT_RETAIN_SELF = YES;
				CLANG_WARN_OBJC_LITERAL_CONVERSION = YES;
				CLANG_WARN_OBJC_ROOT_CLASS = YES_ERROR;
				CLANG_WARN_RANGE_LOOP_ANALYSIS = YES;
				CLANG_WARN_STRICT_PROTOTYPES = YES;
				CLANG_WARN_SUSPICIOUS_MOVE = YES;
				CLANG_WARN_UNGUARDED_AVAILABILITY = YES_AGGRESSIVE;
				CLANG_WARN_UNREACHABLE_CODE = YES;
				CLANG_WARN__DUPLICATE_METHOD_MATCH = YES;
				CODE_SIGN_IDENTITY = "Mac Developer";
				COPY_PHASE_STRIP = NO;
				DEBUG_INFORMATION_FORMAT = "dwarf-with-dsym";
				ENABLE_NS_ASSERTIONS = NO;
				ENABLE_STRICT_OBJC_MSGSEND = YES;
				GCC_C_LANGUAGE_STANDARD = gnu11;
				GCC_NO_COMMON_BLOCKS = YES;
				GCC_WARN_64_TO_32_BIT_CONVERSION = YES;
				GCC_WARN_ABOUT_RETURN_TYPE = YES_ERROR;
				GCC_WARN_UNDECLARED_SELECTOR = YES;
				GCC_WARN_UNINITIALIZED_AUTOS = YES_AGGRESSIVE;
				GCC_WARN_UNUSED_FUNCTION = YES;
				GCC_WARN_UNUSED_VARIABLE = YES;
				MACOSX_DEPLOYMENT_TARGET = 10.14;
				MTL_ENABLE_DEBUG_INFO = NO;
				MTL_FAST_MATH = YES;
				SDKROOT = macosx;
			};
			name = Release;
		};
		7A99FE3A21AD059300A253E7 /* Debug */ = {
			isa = XCBuildConfiguration;
			buildSettings = {
				CODE_SIGN_STYLE = Automatic;
				DEVELOPMENT_TEAM = U5LAHK8PW6;
				ENABLE_STRICT_OBJC_MSGSEND = NO;
				PRODUCT_NAME = "$(TARGET_NAME)";
			};
			name = Debug;
		};
		7A99FE3B21AD059300A253E7 /* Release */ = {
			isa = XCBuildConfiguration;
			buildSettings = {
				CODE_SIGN_STYLE = Automatic;
				DEVELOPMENT_TEAM = U5LAHK8PW6;
				ENABLE_STRICT_OBJC_MSGSEND = NO;
				PRODUCT_NAME = "$(TARGET_NAME)";
			};
			name = Release;
		};
/* End XCBuildConfiguration section */

/* Begin XCConfigurationList section */
		7A99FE2D21AD059300A253E7 /* Build configuration list for PBXProject "01-Runtime 初探" */ = {
			isa = XCConfigurationList;
			buildConfigurations = (
				7A99FE3721AD059300A253E7 /* Debug */,
				7A99FE3821AD059300A253E7 /* Release */,
			);
			defaultConfigurationIsVisible = 0;
			defaultConfigurationName = Release;
		};
		7A99FE3921AD059300A253E7 /* Build configuration list for PBXNativeTarget "01-Runtime 初探" */ = {
			isa = XCConfigurationList;
			buildConfigurations = (
				7A99FE3A21AD059300A253E7 /* Debug */,
				7A99FE3B21AD059300A253E7 /* Release */,
			);
			defaultConfigurationIsVisible = 0;
			defaultConfigurationName = Release;
		};
/* End XCConfigurationList section */
	};
	rootObject = 7A99FE2A21AD059300A253E7 /* Project object */;
}
